
Microsoft Visual Studio Solution File, Format Version 12.00
Project("{2150E333-8FDC-42A3-9474-1A3956D46DE8}") = "Ume-Chat-Models", "Ume-Chat-Models", "{898D9181-9E6B-49B1-8DC5-2C2373F5A72A}"
EndProject
Project("{2150E333-8FDC-42A3-9474-1A3956D46DE8}") = "Ume-Chat-Utilities", "Ume-Chat-Utilities", "{494E7095-C67C-4EC1-9F3A-0DDB13A62DC7}"
EndProject
Project("{FAE04EC0-301F-11D3-BF4B-00C04F79EFBC}") = "ChatData", "ChatData\ChatData.csproj", "{459CFE6D-96A1-4F57-AED5-0ED4F4DA1DD5}"
EndProject
Project("{FAE04EC0-301F-11D3-BF4B-00C04F79EFBC}") = "FeedbackData", "FeedbackData\FeedbackData.csproj", "{4A34894F-4BAB-409D-AF22-C1CD22DD76B2}"
EndProject
Project("{FAE04EC0-301F-11D3-BF4B-00C04F79EFBC}") = "Models", "..\Ume-Chat-Models\Models.csproj", "{B41126A1-E76F-41B4-9D36-DA5ED89B495F}"
EndProject
Project("{FAE04EC0-301F-11D3-BF4B-00C04F79EFBC}") = "KeyVaultProvider", "..\Ume-Chat-Utilities\KeyVaultProvider\KeyVaultProvider.csproj", "{4270E19F-95F4-434E-93CE-6BA54E57B8C2}"
EndProject
Project("{FAE04EC0-301F-11D3-BF4B-00C04F79EFBC}") = "Utilities", "..\Ume-Chat-Utilities\Utilities\Utilities.csproj", "{1966BB59-8A49-4749-B053-9FF5F75A5902}"
EndProject
Global
	GlobalSection(SolutionConfigurationPlatforms) = preSolution
		Debug|Any CPU = Debug|Any CPU
		Release|Any CPU = Release|Any CPU
	EndGlobalSection
	GlobalSection(ProjectConfigurationPlatforms) = postSolution
		{6653CB70-9118-413A-8983-D13B61EDD34E}.Debug|Any CPU.ActiveCfg = Debug|Any CPU
		{6653CB70-9118-413A-8983-D13B61EDD34E}.Debug|Any CPU.Build.0 = Debug|Any CPU
		{6653CB70-9118-413A-8983-D13B61EDD34E}.Release|Any CPU.ActiveCfg = Release|Any CPU
		{6653CB70-9118-413A-8983-D13B61EDD34E}.Release|Any CPU.Build.0 = Release|Any CPU
		{1C159450-F18C-400D-8FCD-F24CC245900A}.Debug|Any CPU.ActiveCfg = Debug|Any CPU
		{1C159450-F18C-400D-8FCD-F24CC245900A}.Debug|Any CPU.Build.0 = Debug|Any CPU
		{1C159450-F18C-400D-8FCD-F24CC245900A}.Release|Any CPU.ActiveCfg = Release|Any CPU
		{1C159450-F18C-400D-8FCD-F24CC245900A}.Release|Any CPU.Build.0 = Release|Any CPU
		{7F2233F3-1735-45F9-8EB6-284966A4D54A}.Debug|Any CPU.ActiveCfg = Debug|Any CPU
		{7F2233F3-1735-45F9-8EB6-284966A4D54A}.Debug|Any CPU.Build.0 = Debug|Any CPU
		{7F2233F3-1735-45F9-8EB6-284966A4D54A}.Release|Any CPU.ActiveCfg = Release|Any CPU
		{7F2233F3-1735-45F9-8EB6-284966A4D54A}.Release|Any CPU.Build.0 = Release|Any CPU
		{E06D9DDA-DB0F-4496-97DE-3B0C77B350B7}.Debug|Any CPU.ActiveCfg = Debug|Any CPU
		{E06D9DDA-DB0F-4496-97DE-3B0C77B350B7}.Debug|Any CPU.Build.0 = Debug|Any CPU
		{E06D9DDA-DB0F-4496-97DE-3B0C77B350B7}.Release|Any CPU.ActiveCfg = Release|Any CPU
		{E06D9DDA-DB0F-4496-97DE-3B0C77B350B7}.Release|Any CPU.Build.0 = Release|Any CPU
		{459CFE6D-96A1-4F57-AED5-0ED4F4DA1DD5}.Debug|Any CPU.ActiveCfg = Debug|Any CPU
		{459CFE6D-96A1-4F57-AED5-0ED4F4DA1DD5}.Debug|Any CPU.Build.0 = Debug|Any CPU
		{459CFE6D-96A1-4F57-AED5-0ED4F4DA1DD5}.Release|Any CPU.ActiveCfg = Release|Any CPU
		{459CFE6D-96A1-4F57-AED5-0ED4F4DA1DD5}.Release|Any CPU.Build.0 = Release|Any CPU
		{4A34894F-4BAB-409D-AF22-C1CD22DD76B2}.Debug|Any CPU.ActiveCfg = Debug|Any CPU
		{4A34894F-4BAB-409D-AF22-C1CD22DD76B2}.Debug|Any CPU.Build.0 = Debug|Any CPU
		{4A34894F-4BAB-409D-AF22-C1CD22DD76B2}.Release|Any CPU.ActiveCfg = Release|Any CPU
		{4A34894F-4BAB-409D-AF22-C1CD22DD76B2}.Release|Any CPU.Build.0 = Release|Any CPU
		{B41126A1-E76F-41B4-9D36-DA5ED89B495F}.Debug|Any CPU.ActiveCfg = Debug|Any CPU
		{B41126A1-E76F-41B4-9D36-DA5ED89B495F}.Debug|Any CPU.Build.0 = Debug|Any CPU
		{B41126A1-E76F-41B4-9D36-DA5ED89B495F}.Release|Any CPU.ActiveCfg = Release|Any CPU
		{B41126A1-E76F-41B4-9D36-DA5ED89B495F}.Release|Any CPU.Build.0 = Release|Any CPU
		{4270E19F-95F4-434E-93CE-6BA54E57B8C2}.Debug|Any CPU.ActiveCfg = Debug|Any CPU
		{4270E19F-95F4-434E-93CE-6BA54E57B8C2}.Debug|Any CPU.Build.0 = Debug|Any CPU
		{4270E19F-95F4-434E-93CE-6BA54E57B8C2}.Release|Any CPU.ActiveCfg = Release|Any CPU
		{4270E19F-95F4-434E-93CE-6BA54E57B8C2}.Release|Any CPU.Build.0 = Release|Any CPU
		{1966BB59-8A49-4749-B053-9FF5F75A5902}.Debug|Any CPU.ActiveCfg = Debug|Any CPU
		{1966BB59-8A49-4749-B053-9FF5F75A5902}.Debug|Any CPU.Build.0 = Debug|Any CPU
		{1966BB59-8A49-4749-B053-9FF5F75A5902}.Release|Any CPU.ActiveCfg = Release|Any CPU
		{1966BB59-8A49-4749-B053-9FF5F75A5902}.Release|Any CPU.Build.0 = Release|Any CPU
	EndGlobalSection
	GlobalSection(NestedProjects) = preSolution
		{B41126A1-E76F-41B4-9D36-DA5ED89B495F} = {898D9181-9E6B-49B1-8DC5-2C2373F5A72A}
		{4270E19F-95F4-434E-93CE-6BA54E57B8C2} = {494E7095-C67C-4EC1-9F3A-0DDB13A62DC7}
		{1966BB59-8A49-4749-B053-9FF5F75A5902} = {494E7095-C67C-4EC1-9F3A-0DDB13A62DC7}
	EndGlobalSection
EndGlobal
