
Microsoft Visual Studio Solution File, Format Version 12.00
Project("{FAE04EC0-301F-11D3-BF4B-00C04F79EFBC}") = "Utilities", "Utilities\Utilities.csproj", "{8DA2DB19-4EB9-430C-A7B1-9957404ACBF0}"
EndProject
Project("{FAE04EC0-301F-11D3-BF4B-00C04F79EFBC}") = "KeyVaultProvider", "KeyVaultProvider\KeyVaultProvider.csproj", "{F39B335B-832C-48E6-B534-020EE7DDA0F2}"
EndProject
Project("{FAE04EC0-301F-11D3-BF4B-00C04F79EFBC}") = "TitleGeneratorGPT", "TitleGeneratorGPT\TitleGeneratorGPT.csproj", "{8D9EA44B-D0C0-43F4-B57B-6A92A2D94D3F}"
EndProject
Global
	GlobalSection(SolutionConfigurationPlatforms) = preSolution
		Debug|Any CPU = Debug|Any CPU
		Release|Any CPU = Release|Any CPU
	EndGlobalSection
	GlobalSection(ProjectConfigurationPlatforms) = postSolution
		{8DA2DB19-4EB9-430C-A7B1-9957404ACBF0}.Debug|Any CPU.ActiveCfg = Debug|Any CPU
		{8DA2DB19-4EB9-430C-A7B1-9957404ACBF0}.Debug|Any CPU.Build.0 = Debug|Any CPU
		{8DA2DB19-4EB9-430C-A7B1-9957404ACBF0}.Release|Any CPU.ActiveCfg = Release|Any CPU
		{8DA2DB19-4EB9-430C-A7B1-9957404ACBF0}.Release|Any CPU.Build.0 = Release|Any CPU
		{F39B335B-832C-48E6-B534-020EE7DDA0F2}.Debug|Any CPU.ActiveCfg = Debug|Any CPU
		{F39B335B-832C-48E6-B534-020EE7DDA0F2}.Debug|Any CPU.Build.0 = Debug|Any CPU
		{F39B335B-832C-48E6-B534-020EE7DDA0F2}.Release|Any CPU.ActiveCfg = Release|Any CPU
		{F39B335B-832C-48E6-B534-020EE7DDA0F2}.Release|Any CPU.Build.0 = Release|Any CPU
		{8D9EA44B-D0C0-43F4-B57B-6A92A2D94D3F}.Debug|Any CPU.ActiveCfg = Debug|Any CPU
		{8D9EA44B-D0C0-43F4-B57B-6A92A2D94D3F}.Debug|Any CPU.Build.0 = Debug|Any CPU
		{8D9EA44B-D0C0-43F4-B57B-6A92A2D94D3F}.Release|Any CPU.ActiveCfg = Release|Any CPU
		{8D9EA44B-D0C0-43F4-B57B-6A92A2D94D3F}.Release|Any CPU.Build.0 = Release|Any CPU
	EndGlobalSection
EndGlobal
