
Microsoft Visual Studio Solution File, Format Version 12.00
Project("{FAE04EC0-301F-11D3-BF4B-00C04F79EFBC}") = "Ume-Chat-KeyVaultProvider", "Ume-Chat-KeyVaultProvider\Ume-Chat-KeyVaultProvider.csproj", "{2FB08B61-FE88-4C42-9FE6-F45AB09EA8EA}"
EndProject
Global
	GlobalSection(SolutionConfigurationPlatforms) = preSolution
		Debug|Any CPU = Debug|Any CPU
		Release|Any CPU = Release|Any CPU
	EndGlobalSection
	GlobalSection(ProjectConfigurationPlatforms) = postSolution
		{2FB08B61-FE88-4C42-9FE6-F45AB09EA8EA}.Debug|Any CPU.ActiveCfg = Debug|Any CPU
		{2FB08B61-FE88-4C42-9FE6-F45AB09EA8EA}.Debug|Any CPU.Build.0 = Debug|Any CPU
		{2FB08B61-FE88-4C42-9FE6-F45AB09EA8EA}.Release|Any CPU.ActiveCfg = Release|Any CPU
		{2FB08B61-FE88-4C42-9FE6-F45AB09EA8EA}.Release|Any CPU.Build.0 = Release|Any CPU
	EndGlobalSection
EndGlobal
