
Microsoft Visual Studio Solution File, Format Version 12.00
Project("{FAE04EC0-301F-11D3-BF4B-00C04F79EFBC}") = "ChatAPI", "ChatAPI\ChatAPI.csproj", "{8D34C9DB-9758-41D7-A6F9-2FAEB537530F}"
EndProject
Project("{FAE04EC0-301F-11D3-BF4B-00C04F79EFBC}") = "Utilities", "..\Ume-Chat-Utilities\Utilities\Utilities.csproj", "{735B1B7A-1837-443A-8872-2039ABD3845E}"
EndProject
Project("{FAE04EC0-301F-11D3-BF4B-00C04F79EFBC}") = "FeedbackAPI", "FeedbackAPI\FeedbackAPI.csproj", "{B839BDC4-CEDF-4678-BD9B-947DFCCEC542}"
EndProject
Project("{FAE04EC0-301F-11D3-BF4B-00C04F79EFBC}") = "FeedbackData", "..\Ume-Chat-Data\FeedbackData\FeedbackData.csproj", "{2E95EF87-8296-4C50-AB9E-D7475CA46B61}"
EndProject
Project("{FAE04EC0-301F-11D3-BF4B-00C04F79EFBC}") = "TitleGeneratorGPT", "..\Ume-Chat-Utilities\TitleGeneratorGPT\TitleGeneratorGPT.csproj", "{62E3D54E-67F7-4537-97AB-603338676D8D}"
EndProject
Project("{FAE04EC0-301F-11D3-BF4B-00C04F79EFBC}") = "Models", "..\Ume-Chat-Models\Models.csproj", "{F9C5B105-5019-48A0-A70A-D2BA41D5C577}"
EndProject
Project("{FAE04EC0-301F-11D3-BF4B-00C04F79EFBC}") = "KeyVaultProvider", "..\Ume-Chat-Utilities\KeyVaultProvider\KeyVaultProvider.csproj", "{06943156-4C64-4092-AD67-47FE1A3A0026}"
EndProject
Project("{2150E333-8FDC-42A3-9474-1A3956D46DE8}") = "Ume-Chat-Utilities", "Ume-Chat-Utilities", "{23C9D80F-3368-4675-8AAF-8C2B2040A5B2}"
EndProject
Project("{2150E333-8FDC-42A3-9474-1A3956D46DE8}") = "Ume-Chat-Models", "Ume-Chat-Models", "{BEEB47C4-DC28-4050-AFAC-19B845CB362C}"
EndProject
Project("{2150E333-8FDC-42A3-9474-1A3956D46DE8}") = "Ume-Chat-Data", "Ume-Chat-Data", "{9D89F1F2-51B6-4261-9702-0DE3C8689ED2}"
EndProject
Global
	GlobalSection(SolutionConfigurationPlatforms) = preSolution
		Debug|Any CPU = Debug|Any CPU
		Release|Any CPU = Release|Any CPU
	EndGlobalSection
	GlobalSection(ProjectConfigurationPlatforms) = postSolution
		{8D34C9DB-9758-41D7-A6F9-2FAEB537530F}.Debug|Any CPU.ActiveCfg = Debug|Any CPU
		{8D34C9DB-9758-41D7-A6F9-2FAEB537530F}.Debug|Any CPU.Build.0 = Debug|Any CPU
		{8D34C9DB-9758-41D7-A6F9-2FAEB537530F}.Release|Any CPU.ActiveCfg = Release|Any CPU
		{8D34C9DB-9758-41D7-A6F9-2FAEB537530F}.Release|Any CPU.Build.0 = Release|Any CPU
		{735B1B7A-1837-443A-8872-2039ABD3845E}.Debug|Any CPU.ActiveCfg = Debug|Any CPU
		{735B1B7A-1837-443A-8872-2039ABD3845E}.Debug|Any CPU.Build.0 = Debug|Any CPU
		{735B1B7A-1837-443A-8872-2039ABD3845E}.Release|Any CPU.ActiveCfg = Release|Any CPU
		{735B1B7A-1837-443A-8872-2039ABD3845E}.Release|Any CPU.Build.0 = Release|Any CPU
		{B839BDC4-CEDF-4678-BD9B-947DFCCEC542}.Debug|Any CPU.ActiveCfg = Debug|Any CPU
		{B839BDC4-CEDF-4678-BD9B-947DFCCEC542}.Debug|Any CPU.Build.0 = Debug|Any CPU
		{B839BDC4-CEDF-4678-BD9B-947DFCCEC542}.Release|Any CPU.ActiveCfg = Release|Any CPU
		{B839BDC4-CEDF-4678-BD9B-947DFCCEC542}.Release|Any CPU.Build.0 = Release|Any CPU
		{2E95EF87-8296-4C50-AB9E-D7475CA46B61}.Debug|Any CPU.ActiveCfg = Debug|Any CPU
		{2E95EF87-8296-4C50-AB9E-D7475CA46B61}.Debug|Any CPU.Build.0 = Debug|Any CPU
		{2E95EF87-8296-4C50-AB9E-D7475CA46B61}.Release|Any CPU.ActiveCfg = Release|Any CPU
		{2E95EF87-8296-4C50-AB9E-D7475CA46B61}.Release|Any CPU.Build.0 = Release|Any CPU
		{62E3D54E-67F7-4537-97AB-603338676D8D}.Debug|Any CPU.ActiveCfg = Debug|Any CPU
		{62E3D54E-67F7-4537-97AB-603338676D8D}.Debug|Any CPU.Build.0 = Debug|Any CPU
		{62E3D54E-67F7-4537-97AB-603338676D8D}.Release|Any CPU.ActiveCfg = Release|Any CPU
		{62E3D54E-67F7-4537-97AB-603338676D8D}.Release|Any CPU.Build.0 = Release|Any CPU
		{F9C5B105-5019-48A0-A70A-D2BA41D5C577}.Debug|Any CPU.ActiveCfg = Debug|Any CPU
		{F9C5B105-5019-48A0-A70A-D2BA41D5C577}.Debug|Any CPU.Build.0 = Debug|Any CPU
		{F9C5B105-5019-48A0-A70A-D2BA41D5C577}.Release|Any CPU.ActiveCfg = Release|Any CPU
		{F9C5B105-5019-48A0-A70A-D2BA41D5C577}.Release|Any CPU.Build.0 = Release|Any CPU
		{06943156-4C64-4092-AD67-47FE1A3A0026}.Debug|Any CPU.ActiveCfg = Debug|Any CPU
		{06943156-4C64-4092-AD67-47FE1A3A0026}.Debug|Any CPU.Build.0 = Debug|Any CPU
		{06943156-4C64-4092-AD67-47FE1A3A0026}.Release|Any CPU.ActiveCfg = Release|Any CPU
		{06943156-4C64-4092-AD67-47FE1A3A0026}.Release|Any CPU.Build.0 = Release|Any CPU
	EndGlobalSection
	GlobalSection(NestedProjects) = preSolution
		{735B1B7A-1837-443A-8872-2039ABD3845E} = {23C9D80F-3368-4675-8AAF-8C2B2040A5B2}
		{62E3D54E-67F7-4537-97AB-603338676D8D} = {23C9D80F-3368-4675-8AAF-8C2B2040A5B2}
		{06943156-4C64-4092-AD67-47FE1A3A0026} = {23C9D80F-3368-4675-8AAF-8C2B2040A5B2}
		{F9C5B105-5019-48A0-A70A-D2BA41D5C577} = {BEEB47C4-DC28-4050-AFAC-19B845CB362C}
		{2E95EF87-8296-4C50-AB9E-D7475CA46B61} = {9D89F1F2-51B6-4261-9702-0DE3C8689ED2}
	EndGlobalSection
EndGlobal
