
Microsoft Visual Studio Solution File, Format Version 12.00
Project("{FAE04EC0-301F-11D3-BF4B-00C04F79EFBC}") = "Ume-Chat-API", "Ume-Chat-API\Ume-Chat-API.csproj", "{8D34C9DB-9758-41D7-A6F9-2FAEB537530F}"
EndProject
Project("{2150E333-8FDC-42A3-9474-1A3956D46DE8}") = "Ume-Chat-Utilities", "Ume-Chat-Utilities", "{87B02A51-4BF8-424C-A1E3-3F21104A6443}"
EndProject
Project("{FAE04EC0-301F-11D3-BF4B-00C04F79EFBC}") = "Ume-Chat-Utilities", "..\Ume-Chat-Utilities\Ume-Chat-Utilities\Ume-Chat-Utilities.csproj", "{735B1B7A-1837-443A-8872-2039ABD3845E}"
EndProject
Project("{FAE04EC0-301F-11D3-BF4B-00C04F79EFBC}") = "Ume-Chat-KeyVaultProvider", "..\Ume-Chat-Utilities\Ume-Chat-KeyVaultProvider\Ume-Chat-KeyVaultProvider.csproj", "{3BB809FB-B086-4FEB-A471-32D35EF01DBA}"
EndProject
Project("{2150E333-8FDC-42A3-9474-1A3956D46DE8}") = "Ume-Chat-Models", "Ume-Chat-Models", "{46C1FFEE-CB8E-43D0-8421-68B3C82F17FA}"
EndProject
Project("{FAE04EC0-301F-11D3-BF4B-00C04F79EFBC}") = "Ume-Chat-Models", "..\Ume-Chat-Models\Ume-Chat-Models.csproj", "{A825D6D5-20E4-4DD1-83A1-943DC54280E1}"
EndProject
Project("{FAE04EC0-301F-11D3-BF4B-00C04F79EFBC}") = "FeedbackAPI", "FeedbackAPI\FeedbackAPI.csproj", "{B839BDC4-CEDF-4678-BD9B-947DFCCEC542}"
EndProject
Project("{2150E333-8FDC-42A3-9474-1A3956D46DE8}") = "Ume-Chat-Data", "Ume-Chat-Data", "{2562AFB2-0E04-4205-8276-315474E6CD9C}"
EndProject
Project("{FAE04EC0-301F-11D3-BF4B-00C04F79EFBC}") = "FeedbackData", "..\Ume-Chat-Data\FeedbackData\FeedbackData.csproj", "{2E95EF87-8296-4C50-AB9E-D7475CA46B61}"
EndProject
Project("{FAE04EC0-301F-11D3-BF4B-00C04F79EFBC}") = "TitleGeneratorGPT", "..\Ume-Chat-Utilities\TitleGeneratorGPT\TitleGeneratorGPT.csproj", "{62E3D54E-67F7-4537-97AB-603338676D8D}"
EndProject
Global
	GlobalSection(SolutionConfigurationPlatforms) = preSolution
		Debug|Any CPU = Debug|Any CPU
		Release|Any CPU = Release|Any CPU
	EndGlobalSection
	GlobalSection(ProjectConfigurationPlatforms) = postSolution
		{8D34C9DB-9758-41D7-A6F9-2FAEB537530F}.Debug|Any CPU.ActiveCfg = Debug|Any CPU
		{8D34C9DB-9758-41D7-A6F9-2FAEB537530F}.Debug|Any CPU.Build.0 = Debug|Any CPU
		{8D34C9DB-9758-41D7-A6F9-2FAEB537530F}.Release|Any CPU.ActiveCfg = Release|Any CPU
		{8D34C9DB-9758-41D7-A6F9-2FAEB537530F}.Release|Any CPU.Build.0 = Release|Any CPU
		{735B1B7A-1837-443A-8872-2039ABD3845E}.Debug|Any CPU.ActiveCfg = Debug|Any CPU
		{735B1B7A-1837-443A-8872-2039ABD3845E}.Debug|Any CPU.Build.0 = Debug|Any CPU
		{735B1B7A-1837-443A-8872-2039ABD3845E}.Release|Any CPU.ActiveCfg = Release|Any CPU
		{735B1B7A-1837-443A-8872-2039ABD3845E}.Release|Any CPU.Build.0 = Release|Any CPU
		{3BB809FB-B086-4FEB-A471-32D35EF01DBA}.Debug|Any CPU.ActiveCfg = Debug|Any CPU
		{3BB809FB-B086-4FEB-A471-32D35EF01DBA}.Debug|Any CPU.Build.0 = Debug|Any CPU
		{3BB809FB-B086-4FEB-A471-32D35EF01DBA}.Release|Any CPU.ActiveCfg = Release|Any CPU
		{3BB809FB-B086-4FEB-A471-32D35EF01DBA}.Release|Any CPU.Build.0 = Release|Any CPU
		{A825D6D5-20E4-4DD1-83A1-943DC54280E1}.Debug|Any CPU.ActiveCfg = Debug|Any CPU
		{A825D6D5-20E4-4DD1-83A1-943DC54280E1}.Debug|Any CPU.Build.0 = Debug|Any CPU
		{A825D6D5-20E4-4DD1-83A1-943DC54280E1}.Release|Any CPU.ActiveCfg = Release|Any CPU
		{A825D6D5-20E4-4DD1-83A1-943DC54280E1}.Release|Any CPU.Build.0 = Release|Any CPU
		{B839BDC4-CEDF-4678-BD9B-947DFCCEC542}.Debug|Any CPU.ActiveCfg = Debug|Any CPU
		{B839BDC4-CEDF-4678-BD9B-947DFCCEC542}.Debug|Any CPU.Build.0 = Debug|Any CPU
		{B839BDC4-CEDF-4678-BD9B-947DFCCEC542}.Release|Any CPU.ActiveCfg = Release|Any CPU
		{B839BDC4-CEDF-4678-BD9B-947DFCCEC542}.Release|Any CPU.Build.0 = Release|Any CPU
		{2E95EF87-8296-4C50-AB9E-D7475CA46B61}.Debug|Any CPU.ActiveCfg = Debug|Any CPU
		{2E95EF87-8296-4C50-AB9E-D7475CA46B61}.Debug|Any CPU.Build.0 = Debug|Any CPU
		{2E95EF87-8296-4C50-AB9E-D7475CA46B61}.Release|Any CPU.ActiveCfg = Release|Any CPU
		{2E95EF87-8296-4C50-AB9E-D7475CA46B61}.Release|Any CPU.Build.0 = Release|Any CPU
		{62E3D54E-67F7-4537-97AB-603338676D8D}.Debug|Any CPU.ActiveCfg = Debug|Any CPU
		{62E3D54E-67F7-4537-97AB-603338676D8D}.Debug|Any CPU.Build.0 = Debug|Any CPU
		{62E3D54E-67F7-4537-97AB-603338676D8D}.Release|Any CPU.ActiveCfg = Release|Any CPU
		{62E3D54E-67F7-4537-97AB-603338676D8D}.Release|Any CPU.Build.0 = Release|Any CPU
	EndGlobalSection
	GlobalSection(NestedProjects) = preSolution
		{735B1B7A-1837-443A-8872-2039ABD3845E} = {87B02A51-4BF8-424C-A1E3-3F21104A6443}
		{3BB809FB-B086-4FEB-A471-32D35EF01DBA} = {87B02A51-4BF8-424C-A1E3-3F21104A6443}
		{A825D6D5-20E4-4DD1-83A1-943DC54280E1} = {46C1FFEE-CB8E-43D0-8421-68B3C82F17FA}
		{2E95EF87-8296-4C50-AB9E-D7475CA46B61} = {2562AFB2-0E04-4205-8276-315474E6CD9C}
		{62E3D54E-67F7-4537-97AB-603338676D8D} = {87B02A51-4BF8-424C-A1E3-3F21104A6443}
	EndGlobalSection
EndGlobal
